
Microsoft Visual Studio Solution File, Format Version 12.00
# Visual Studio Version 17
VisualStudioVersion = 17.5.33424.131
MinimumVisualStudioVersion = 10.0.40219.1
Project("{FAE04EC0-301F-11D3-BF4B-00C04F79EFBC}") = "EsportsUpdateTool", "EsportsUpdateTool.csproj", "{C7807359-3CDC-4E95-9FC0-0AE5208962D8}"
EndProject
Global
	GlobalSection(SolutionConfigurationPlatforms) = preSolution
		Debug|Any CPU = Debug|Any CPU
		Release|Any CPU = Release|Any CPU
	EndGlobalSection
	GlobalSection(ProjectConfigurationPlatforms) = postSolution
		{C7807359-3CDC-4E95-9FC0-0AE5208962D8}.Debug|Any CPU.ActiveCfg = Debug|Any CPU
		{C7807359-3CDC-4E95-9FC0-0AE5208962D8}.Debug|Any CPU.Build.0 = Debug|Any CPU
		{C7807359-3CDC-4E95-9FC0-0AE5208962D8}.Release|Any CPU.ActiveCfg = Release|Any CPU
		{C7807359-3CDC-4E95-9FC0-0AE5208962D8}.Release|Any CPU.Build.0 = Release|Any CPU
	EndGlobalSection
	GlobalSection(SolutionProperties) = preSolution
		HideSolutionNode = FALSE
	EndGlobalSection
	GlobalSection(ExtensibilityGlobals) = postSolution
		SolutionGuid = {84706F11-2C7C-421A-994F-3EE74D334FAB}
	EndGlobalSection
EndGlobal
